
Microsoft Visual Studio Solution File, Format Version 11.00
# Visual Studio 2010
Project("{FAE04EC0-301F-11D3-BF4B-00C04F79EFBC}") = "Updater", "Updater\Updater.csproj", "{EA88C140-8BC4-424C-8DA9-B3A699FB288D}"
EndProject
Global
	GlobalSection(SolutionConfigurationPlatforms) = preSolution
		Debug|x86 = Debug|x86
		Release|x86 = Release|x86
	EndGlobalSection
	GlobalSection(ProjectConfigurationPlatforms) = postSolution
		{EA88C140-8BC4-424C-8DA9-B3A699FB288D}.Debug|x86.ActiveCfg = Debug|x86
		{EA88C140-8BC4-424C-8DA9-B3A699FB288D}.Debug|x86.Build.0 = Debug|x86
		{EA88C140-8BC4-424C-8DA9-B3A699FB288D}.Release|x86.ActiveCfg = Release|x86
		{EA88C140-8BC4-424C-8DA9-B3A699FB288D}.Release|x86.Build.0 = Release|x86
	EndGlobalSection
	GlobalSection(SolutionProperties) = preSolution
		HideSolutionNode = FALSE
	EndGlobalSection
EndGlobal
